
Microsoft Visual Studio Solution File, Format Version 12.00
# Visual Studio Version 17
VisualStudioVersion = 17.3.32922.545
MinimumVisualStudioVersion = 10.0.40219.1
Project("{FAE04EC0-301F-11D3-BF4B-00C04F79EFBC}") = "HW_7_Employes", "HW_7_Employes\HW_7_Employes.csproj", "{82D4F3CC-80AB-4C9D-A3C3-AB73076D3BA7}"
EndProject
Global
	GlobalSection(SolutionConfigurationPlatforms) = preSolution
		Debug|Any CPU = Debug|Any CPU
		Release|Any CPU = Release|Any CPU
	EndGlobalSection
	GlobalSection(ProjectConfigurationPlatforms) = postSolution
		{82D4F3CC-80AB-4C9D-A3C3-AB73076D3BA7}.Debug|Any CPU.ActiveCfg = Debug|Any CPU
		{82D4F3CC-80AB-4C9D-A3C3-AB73076D3BA7}.Debug|Any CPU.Build.0 = Debug|Any CPU
		{82D4F3CC-80AB-4C9D-A3C3-AB73076D3BA7}.Release|Any CPU.ActiveCfg = Release|Any CPU
		{82D4F3CC-80AB-4C9D-A3C3-AB73076D3BA7}.Release|Any CPU.Build.0 = Release|Any CPU
	EndGlobalSection
	GlobalSection(SolutionProperties) = preSolution
		HideSolutionNode = FALSE
	EndGlobalSection
	GlobalSection(ExtensibilityGlobals) = postSolution
		SolutionGuid = {24BBAB64-DB19-4413-A2EF-2D67D71E708A}
	EndGlobalSection
EndGlobal
