
Microsoft Visual Studio Solution File, Format Version 12.00
# Visual Studio Version 17
VisualStudioVersion = 17.4.33110.190
MinimumVisualStudioVersion = 10.0.40219.1
Project("{FAE04EC0-301F-11D3-BF4B-00C04F79EFBC}") = "Players", "Players\Players.csproj", "{A36DDAB9-C21B-45F1-841A-FDC47BD84843}"
EndProject
Global
	GlobalSection(SolutionConfigurationPlatforms) = preSolution
		Debug|Any CPU = Debug|Any CPU
		Release|Any CPU = Release|Any CPU
	EndGlobalSection
	GlobalSection(ProjectConfigurationPlatforms) = postSolution
		{A36DDAB9-C21B-45F1-841A-FDC47BD84843}.Debug|Any CPU.ActiveCfg = Debug|Any CPU
		{A36DDAB9-C21B-45F1-841A-FDC47BD84843}.Debug|Any CPU.Build.0 = Debug|Any CPU
		{A36DDAB9-C21B-45F1-841A-FDC47BD84843}.Release|Any CPU.ActiveCfg = Release|Any CPU
		{A36DDAB9-C21B-45F1-841A-FDC47BD84843}.Release|Any CPU.Build.0 = Release|Any CPU
	EndGlobalSection
	GlobalSection(SolutionProperties) = preSolution
		HideSolutionNode = FALSE
	EndGlobalSection
	GlobalSection(ExtensibilityGlobals) = postSolution
		SolutionGuid = {A3D9E4C8-DF82-407D-B5F0-E33B8C657A12}
	EndGlobalSection
EndGlobal
